
Microsoft Visual Studio Solution File, Format Version 12.00
# Visual Studio 14
VisualStudioVersion = 14.0.25420.1
MinimumVisualStudioVersion = 10.0.40219.1
Project("{FAE04EC0-301F-11D3-BF4B-00C04F79EFBC}") = "RestManager", "RestManager\RestManager\RestManager.csproj", "{01C5E4C9-386E-420C-BDA4-57F12ADE137D}"
EndProject
Project("{FAE04EC0-301F-11D3-BF4B-00C04F79EFBC}") = "RestManager.Droid", "RestManager\RestManager.Droid\RestManager.Droid.csproj", "{0295BDB0-C7E7-4688-AE4D-34A3E3E691AE}"
EndProject
Global
	GlobalSection(SolutionConfigurationPlatforms) = preSolution
		Debug|Any CPU = Debug|Any CPU
		Debug|ARM = Debug|ARM
		Debug|x64 = Debug|x64
		Debug|x86 = Debug|x86
		Release|Any CPU = Release|Any CPU
		Release|ARM = Release|ARM
		Release|x64 = Release|x64
		Release|x86 = Release|x86
	EndGlobalSection
	GlobalSection(ProjectConfigurationPlatforms) = postSolution
		{01C5E4C9-386E-420C-BDA4-57F12ADE137D}.Debug|Any CPU.ActiveCfg = Debug|Any CPU
		{01C5E4C9-386E-420C-BDA4-57F12ADE137D}.Debug|Any CPU.Build.0 = Debug|Any CPU
		{01C5E4C9-386E-420C-BDA4-57F12ADE137D}.Debug|ARM.ActiveCfg = Debug|Any CPU
		{01C5E4C9-386E-420C-BDA4-57F12ADE137D}.Debug|ARM.Build.0 = Debug|Any CPU
		{01C5E4C9-386E-420C-BDA4-57F12ADE137D}.Debug|x64.ActiveCfg = Debug|Any CPU
		{01C5E4C9-386E-420C-BDA4-57F12ADE137D}.Debug|x64.Build.0 = Debug|Any CPU
		{01C5E4C9-386E-420C-BDA4-57F12ADE137D}.Debug|x86.ActiveCfg = Debug|Any CPU
		{01C5E4C9-386E-420C-BDA4-57F12ADE137D}.Debug|x86.Build.0 = Debug|Any CPU
		{01C5E4C9-386E-420C-BDA4-57F12ADE137D}.Release|Any CPU.ActiveCfg = Release|Any CPU
		{01C5E4C9-386E-420C-BDA4-57F12ADE137D}.Release|Any CPU.Build.0 = Release|Any CPU
		{01C5E4C9-386E-420C-BDA4-57F12ADE137D}.Release|ARM.ActiveCfg = Release|Any CPU
		{01C5E4C9-386E-420C-BDA4-57F12ADE137D}.Release|ARM.Build.0 = Release|Any CPU
		{01C5E4C9-386E-420C-BDA4-57F12ADE137D}.Release|x64.ActiveCfg = Release|Any CPU
		{01C5E4C9-386E-420C-BDA4-57F12ADE137D}.Release|x64.Build.0 = Release|Any CPU
		{01C5E4C9-386E-420C-BDA4-57F12ADE137D}.Release|x86.ActiveCfg = Release|Any CPU
		{01C5E4C9-386E-420C-BDA4-57F12ADE137D}.Release|x86.Build.0 = Release|Any CPU
		{0295BDB0-C7E7-4688-AE4D-34A3E3E691AE}.Debug|Any CPU.ActiveCfg = Debug|Any CPU
		{0295BDB0-C7E7-4688-AE4D-34A3E3E691AE}.Debug|Any CPU.Build.0 = Debug|Any CPU
		{0295BDB0-C7E7-4688-AE4D-34A3E3E691AE}.Debug|Any CPU.Deploy.0 = Debug|Any CPU
		{0295BDB0-C7E7-4688-AE4D-34A3E3E691AE}.Debug|ARM.ActiveCfg = Debug|Any CPU
		{0295BDB0-C7E7-4688-AE4D-34A3E3E691AE}.Debug|ARM.Build.0 = Debug|Any CPU
		{0295BDB0-C7E7-4688-AE4D-34A3E3E691AE}.Debug|ARM.Deploy.0 = Debug|Any CPU
		{0295BDB0-C7E7-4688-AE4D-34A3E3E691AE}.Debug|x64.ActiveCfg = Debug|Any CPU
		{0295BDB0-C7E7-4688-AE4D-34A3E3E691AE}.Debug|x64.Build.0 = Debug|Any CPU
		{0295BDB0-C7E7-4688-AE4D-34A3E3E691AE}.Debug|x64.Deploy.0 = Debug|Any CPU
		{0295BDB0-C7E7-4688-AE4D-34A3E3E691AE}.Debug|x86.ActiveCfg = Debug|Any CPU
		{0295BDB0-C7E7-4688-AE4D-34A3E3E691AE}.Debug|x86.Build.0 = Debug|Any CPU
		{0295BDB0-C7E7-4688-AE4D-34A3E3E691AE}.Debug|x86.Deploy.0 = Debug|Any CPU
		{0295BDB0-C7E7-4688-AE4D-34A3E3E691AE}.Release|Any CPU.ActiveCfg = Release|Any CPU
		{0295BDB0-C7E7-4688-AE4D-34A3E3E691AE}.Release|Any CPU.Build.0 = Release|Any CPU
		{0295BDB0-C7E7-4688-AE4D-34A3E3E691AE}.Release|Any CPU.Deploy.0 = Release|Any CPU
		{0295BDB0-C7E7-4688-AE4D-34A3E3E691AE}.Release|ARM.ActiveCfg = Release|Any CPU
		{0295BDB0-C7E7-4688-AE4D-34A3E3E691AE}.Release|ARM.Build.0 = Release|Any CPU
		{0295BDB0-C7E7-4688-AE4D-34A3E3E691AE}.Release|ARM.Deploy.0 = Release|Any CPU
		{0295BDB0-C7E7-4688-AE4D-34A3E3E691AE}.Release|x64.ActiveCfg = Release|Any CPU
		{0295BDB0-C7E7-4688-AE4D-34A3E3E691AE}.Release|x64.Build.0 = Release|Any CPU
		{0295BDB0-C7E7-4688-AE4D-34A3E3E691AE}.Release|x64.Deploy.0 = Release|Any CPU
		{0295BDB0-C7E7-4688-AE4D-34A3E3E691AE}.Release|x86.ActiveCfg = Release|Any CPU
		{0295BDB0-C7E7-4688-AE4D-34A3E3E691AE}.Release|x86.Build.0 = Release|Any CPU
		{0295BDB0-C7E7-4688-AE4D-34A3E3E691AE}.Release|x86.Deploy.0 = Release|Any CPU
	EndGlobalSection
	GlobalSection(SolutionProperties) = preSolution
		HideSolutionNode = FALSE
	EndGlobalSection
EndGlobal
